
Microsoft Visual Studio Solution File, Format Version 12.00
# Visual Studio Version 17
VisualStudioVersion = 17.11.35327.3
MinimumVisualStudioVersion = 10.0.40219.1
Project("{FAE04EC0-301F-11D3-BF4B-00C04F79EFBC}") = "Training2", "Training2.csproj", "{8A11397E-B4C2-4694-940A-8BD562FE723C}"
EndProject
Global
	GlobalSection(SolutionConfigurationPlatforms) = preSolution
		Debug|Any CPU = Debug|Any CPU
		Release|Any CPU = Release|Any CPU
	EndGlobalSection
	GlobalSection(ProjectConfigurationPlatforms) = postSolution
		{8A11397E-B4C2-4694-940A-8BD562FE723C}.Debug|Any CPU.ActiveCfg = Debug|Any CPU
		{8A11397E-B4C2-4694-940A-8BD562FE723C}.Debug|Any CPU.Build.0 = Debug|Any CPU
		{8A11397E-B4C2-4694-940A-8BD562FE723C}.Release|Any CPU.ActiveCfg = Release|Any CPU
		{8A11397E-B4C2-4694-940A-8BD562FE723C}.Release|Any CPU.Build.0 = Release|Any CPU
	EndGlobalSection
	GlobalSection(SolutionProperties) = preSolution
		HideSolutionNode = FALSE
	EndGlobalSection
	GlobalSection(ExtensibilityGlobals) = postSolution
		SolutionGuid = {945E460F-604D-45CF-8C2D-3C9E4F5D754D}
	EndGlobalSection
EndGlobal
